{
  "name": "musubii-monorepo",
  "version": "7.2.0",
  "lockfileVersion": 3,
  "requires": true,
  "packages": {
    "": {
      "name": "musubii-monorepo",
      "version": "7.2.0",
      "workspaces": [
        "docs",
        "packages/*",
        "playground/*"
      ]
    },
    "docs": {},
    "node_modules/docs": {
      "resolved": "docs",
      "link": true
    },
    "node_modules/musubii": {
      "resolved": "packages/musubii",
      "link": true
    },
    "node_modules/play": {
      "resolved": "playground/_default",
      "link": true
    },
    "packages/musubii": {
      "version": "7.2.0",
      "license": "CC0-1.0"
    },
    "playground/_default": {
      "name": "play"
    }
  }
}
